
Microsoft Visual Studio Solution File, Format Version 11.00
# Visual Studio 2010
Project("{FAE04EC0-301F-11D3-BF4B-00C04F79EFBC}") = "Winfun.Lib", "Winfun.Lib\Winfun.Lib.csproj", "{AB7C17B8-B5E7-4EAF-B9B1-DF1986F2592B}"
EndProject
Project("{FAE04EC0-301F-11D3-BF4B-00C04F79EFBC}") = "Winfun.Test", "Winfun.Test\Winfun.Test.csproj", "{63785FB3-580C-458E-8CD6-84EADFB7969F}"
EndProject
Global
	GlobalSection(SolutionConfigurationPlatforms) = preSolution
		Debug|Any CPU = Debug|Any CPU
		Debug|Mixed Platforms = Debug|Mixed Platforms
		Debug|x86 = Debug|x86
		Release|Any CPU = Release|Any CPU
		Release|Mixed Platforms = Release|Mixed Platforms
		Release|x86 = Release|x86
	EndGlobalSection
	GlobalSection(ProjectConfigurationPlatforms) = postSolution
		{AB7C17B8-B5E7-4EAF-B9B1-DF1986F2592B}.Debug|Any CPU.ActiveCfg = Debug|Any CPU
		{AB7C17B8-B5E7-4EAF-B9B1-DF1986F2592B}.Debug|Any CPU.Build.0 = Debug|Any CPU
		{AB7C17B8-B5E7-4EAF-B9B1-DF1986F2592B}.Debug|Mixed Platforms.ActiveCfg = Debug|Any CPU
		{AB7C17B8-B5E7-4EAF-B9B1-DF1986F2592B}.Debug|Mixed Platforms.Build.0 = Debug|Any CPU
		{AB7C17B8-B5E7-4EAF-B9B1-DF1986F2592B}.Debug|x86.ActiveCfg = Debug|Any CPU
		{AB7C17B8-B5E7-4EAF-B9B1-DF1986F2592B}.Release|Any CPU.ActiveCfg = Release|Any CPU
		{AB7C17B8-B5E7-4EAF-B9B1-DF1986F2592B}.Release|Any CPU.Build.0 = Release|Any CPU
		{AB7C17B8-B5E7-4EAF-B9B1-DF1986F2592B}.Release|Mixed Platforms.ActiveCfg = Release|Any CPU
		{AB7C17B8-B5E7-4EAF-B9B1-DF1986F2592B}.Release|Mixed Platforms.Build.0 = Release|Any CPU
		{AB7C17B8-B5E7-4EAF-B9B1-DF1986F2592B}.Release|x86.ActiveCfg = Release|Any CPU
		{63785FB3-580C-458E-8CD6-84EADFB7969F}.Debug|Any CPU.ActiveCfg = Debug|x86
		{63785FB3-580C-458E-8CD6-84EADFB7969F}.Debug|Mixed Platforms.ActiveCfg = Debug|x86
		{63785FB3-580C-458E-8CD6-84EADFB7969F}.Debug|Mixed Platforms.Build.0 = Debug|x86
		{63785FB3-580C-458E-8CD6-84EADFB7969F}.Debug|x86.ActiveCfg = Debug|x86
		{63785FB3-580C-458E-8CD6-84EADFB7969F}.Debug|x86.Build.0 = Debug|x86
		{63785FB3-580C-458E-8CD6-84EADFB7969F}.Release|Any CPU.ActiveCfg = Release|x86
		{63785FB3-580C-458E-8CD6-84EADFB7969F}.Release|Mixed Platforms.ActiveCfg = Release|x86
		{63785FB3-580C-458E-8CD6-84EADFB7969F}.Release|Mixed Platforms.Build.0 = Release|x86
		{63785FB3-580C-458E-8CD6-84EADFB7969F}.Release|x86.ActiveCfg = Release|x86
		{63785FB3-580C-458E-8CD6-84EADFB7969F}.Release|x86.Build.0 = Release|x86
	EndGlobalSection
	GlobalSection(SolutionProperties) = preSolution
		HideSolutionNode = FALSE
	EndGlobalSection
EndGlobal
